
Microsoft Visual Studio Solution File, Format Version 12.00
# Visual Studio 2012
Project("{FAE04EC0-301F-11D3-BF4B-00C04F79EFBC}") = "2D Project - Dito.CSharp", "2D Project - Dito.CSharp.csproj", "{C5E63EFC-A101-7CCA-DAFF-4988B7233467}"
EndProject
Project("{FAE04EC0-301F-11D3-BF4B-00C04F79EFBC}") = "2D Project - Dito.CSharp.Editor", "2D Project - Dito.CSharp.Editor.csproj", "{DB1C7766-2DFE-DAE0-935D-E1B700B0720D}"
EndProject
Global
	GlobalSection(SolutionConfigurationPlatforms) = preSolution
		Debug|Any CPU = Debug|Any CPU
		Release|Any CPU = Release|Any CPU
	EndGlobalSection
	GlobalSection(ProjectConfigurationPlatforms) = postSolution
		{C5E63EFC-A101-7CCA-DAFF-4988B7233467}.Debug|Any CPU.ActiveCfg = Debug|Any CPU
		{C5E63EFC-A101-7CCA-DAFF-4988B7233467}.Debug|Any CPU.Build.0 = Debug|Any CPU
		{C5E63EFC-A101-7CCA-DAFF-4988B7233467}.Release|Any CPU.ActiveCfg = Release|Any CPU
		{C5E63EFC-A101-7CCA-DAFF-4988B7233467}.Release|Any CPU.Build.0 = Release|Any CPU
		{DB1C7766-2DFE-DAE0-935D-E1B700B0720D}.Debug|Any CPU.ActiveCfg = Debug|Any CPU
		{DB1C7766-2DFE-DAE0-935D-E1B700B0720D}.Debug|Any CPU.Build.0 = Debug|Any CPU
		{DB1C7766-2DFE-DAE0-935D-E1B700B0720D}.Release|Any CPU.ActiveCfg = Release|Any CPU
		{DB1C7766-2DFE-DAE0-935D-E1B700B0720D}.Release|Any CPU.Build.0 = Release|Any CPU
	EndGlobalSection
	GlobalSection(SolutionProperties) = preSolution
		HideSolutionNode = FALSE
	EndGlobalSection
EndGlobal
