
Microsoft Visual Studio Solution File, Format Version 12.00
# Visual Studio 2012
Project("{FAE04EC0-301F-11D3-BF4B-00C04F79EFBC}") = "Level+Scene - Resolusi sudah bagus.CSharp", "Level+Scene - Resolusi sudah bagus.CSharp.csproj", "{EDB52E78-108C-EE69-53D5-9CBFCF5ED81A}"
EndProject
Project("{FAE04EC0-301F-11D3-BF4B-00C04F79EFBC}") = "Level+Scene - Resolusi sudah bagus.CSharp.Editor", "Level+Scene - Resolusi sudah bagus.CSharp.Editor.csproj", "{B788CC5E-4EC0-FF73-7158-DB1EEFB2A429}"
EndProject
Global
	GlobalSection(SolutionConfigurationPlatforms) = preSolution
		Debug|Any CPU = Debug|Any CPU
		Release|Any CPU = Release|Any CPU
	EndGlobalSection
	GlobalSection(ProjectConfigurationPlatforms) = postSolution
		{EDB52E78-108C-EE69-53D5-9CBFCF5ED81A}.Debug|Any CPU.ActiveCfg = Debug|Any CPU
		{EDB52E78-108C-EE69-53D5-9CBFCF5ED81A}.Debug|Any CPU.Build.0 = Debug|Any CPU
		{EDB52E78-108C-EE69-53D5-9CBFCF5ED81A}.Release|Any CPU.ActiveCfg = Release|Any CPU
		{EDB52E78-108C-EE69-53D5-9CBFCF5ED81A}.Release|Any CPU.Build.0 = Release|Any CPU
		{B788CC5E-4EC0-FF73-7158-DB1EEFB2A429}.Debug|Any CPU.ActiveCfg = Debug|Any CPU
		{B788CC5E-4EC0-FF73-7158-DB1EEFB2A429}.Debug|Any CPU.Build.0 = Debug|Any CPU
		{B788CC5E-4EC0-FF73-7158-DB1EEFB2A429}.Release|Any CPU.ActiveCfg = Release|Any CPU
		{B788CC5E-4EC0-FF73-7158-DB1EEFB2A429}.Release|Any CPU.Build.0 = Release|Any CPU
	EndGlobalSection
	GlobalSection(SolutionProperties) = preSolution
		HideSolutionNode = FALSE
	EndGlobalSection
EndGlobal
